// !$*UTF8*$!
{
	archiveVersion = 1;
	classes = {
	};
	objectVersion = 46;
	objects = {

/* Begin PBXBuildFile section */
		08915DBC1EACC3F30062E345 /* WeatherParser.swift in Sources */ = {isa = PBXBuildFile; fileRef = 08915DBB1EACC3F30062E345 /* WeatherParser.swift */; };
		08B02DD51EACC137002E1780 /* AppDelegate.swift in Sources */ = {isa = PBXBuildFile; fileRef = 08B02DD41EACC137002E1780 /* AppDelegate.swift */; };
		08B02DD71EACC137002E1780 /* TabBarController.swift in Sources */ = {isa = PBXBuildFile; fileRef = 08B02DD61EACC137002E1780 /* TabBarController.swift */; };
		08B02DDA1EACC137002E1780 /* Main.storyboard in Resources */ = {isa = PBXBuildFile; fileRef = 08B02DD81EACC137002E1780 /* Main.storyboard */; };
		08B02DDC1EACC137002E1780 /* Assets.xcassets in Resources */ = {isa = PBXBuildFile; fileRef = 08B02DDB1EACC137002E1780 /* Assets.xcassets */; };
		08B02DDF1EACC137002E1780 /* LaunchScreen.storyboard in Resources */ = {isa = PBXBuildFile; fileRef = 08B02DDD1EACC137002E1780 /* LaunchScreen.storyboard */; };
		0AF1BA301EB7595F00183DB9 /* WeatherData.swift in Sources */ = {isa = PBXBuildFile; fileRef = 0AF1BA2F1EB7595F00183DB9 /* WeatherData.swift */; };
		0AF2A8971EB8B66A0062F887 /* Globals.swift in Sources */ = {isa = PBXBuildFile; fileRef = 0AF2A8961EB8B66A0062F887 /* Globals.swift */; };
		0AF648A91EBC996F00E5855D /* WeatherManager.swift in Sources */ = {isa = PBXBuildFile; fileRef = 0AF648A81EBC996F00E5855D /* WeatherManager.swift */; };
		0AF648AB1EBC99E800E5855D /* SplashScreenViewController.swift in Sources */ = {isa = PBXBuildFile; fileRef = 0AF648AA1EBC99E800E5855D /* SplashScreenViewController.swift */; };
		0AF648AD1EBCA1E000E5855D /* AppStarter.swift in Sources */ = {isa = PBXBuildFile; fileRef = 0AF648AC1EBCA1E000E5855D /* AppStarter.swift */; };
		0AF869781EB214E9002DD85A /* NightTableViewController.swift in Sources */ = {isa = PBXBuildFile; fileRef = 0AF869771EB214E9002DD85A /* NightTableViewController.swift */; };
		0AF8697A1EB21AFC002DD85A /* TestTableViewController.swift in Sources */ = {isa = PBXBuildFile; fileRef = 0AF869791EB21AFC002DD85A /* TestTableViewController.swift */; };
		270F915F1EAE2BDC00A4CF0D /* DayTableViewController.swift in Sources */ = {isa = PBXBuildFile; fileRef = 270F915E1EAE2BDC00A4CF0D /* DayTableViewController.swift */; };
		4CA442F9566B7228C5A6A4FC /* Pods_ilmaRakendus.framework in Frameworks */ = {isa = PBXBuildFile; fileRef = A3857794B0542D9708571E58 /* Pods_ilmaRakendus.framework */; };
/* End PBXBuildFile section */

/* Begin PBXFileReference section */
		08915DBB1EACC3F30062E345 /* WeatherParser.swift */ = {isa = PBXFileReference; fileEncoding = 4; lastKnownFileType = sourcecode.swift; path = WeatherParser.swift; sourceTree = "<group>"; };
		08B02DD11EACC137002E1780 /* ilmaRakendus.app */ = {isa = PBXFileReference; explicitFileType = wrapper.application; includeInIndex = 0; path = ilmaRakendus.app; sourceTree = BUILT_PRODUCTS_DIR; };
		08B02DD41EACC137002E1780 /* AppDelegate.swift */ = {isa = PBXFileReference; lastKnownFileType = sourcecode.swift; path = AppDelegate.swift; sourceTree = "<group>"; };
		08B02DD61EACC137002E1780 /* TabBarController.swift */ = {isa = PBXFileReference; lastKnownFileType = sourcecode.swift; path = TabBarController.swift; sourceTree = "<group>"; };
		08B02DD91EACC137002E1780 /* Base */ = {isa = PBXFileReference; lastKnownFileType = file.storyboard; name = Base; path = Base.lproj/Main.storyboard; sourceTree = "<group>"; };
		08B02DDB1EACC137002E1780 /* Assets.xcassets */ = {isa = PBXFileReference; lastKnownFileType = folder.assetcatalog; path = Assets.xcassets; sourceTree = "<group>"; };
		08B02DDE1EACC137002E1780 /* Base */ = {isa = PBXFileReference; lastKnownFileType = file.storyboard; name = Base; path = Base.lproj/LaunchScreen.storyboard; sourceTree = "<group>"; };
		08B02DE01EACC137002E1780 /* Info.plist */ = {isa = PBXFileReference; lastKnownFileType = text.plist.xml; path = Info.plist; sourceTree = "<group>"; };
		0AF1BA2F1EB7595F00183DB9 /* WeatherData.swift */ = {isa = PBXFileReference; fileEncoding = 4; lastKnownFileType = sourcecode.swift; path = WeatherData.swift; sourceTree = "<group>"; };
		0AF2A8961EB8B66A0062F887 /* Globals.swift */ = {isa = PBXFileReference; fileEncoding = 4; lastKnownFileType = sourcecode.swift; path = Globals.swift; sourceTree = "<group>"; };
		0AF648A81EBC996F00E5855D /* WeatherManager.swift */ = {isa = PBXFileReference; fileEncoding = 4; lastKnownFileType = sourcecode.swift; path = WeatherManager.swift; sourceTree = "<group>"; };
		0AF648AA1EBC99E800E5855D /* SplashScreenViewController.swift */ = {isa = PBXFileReference; fileEncoding = 4; lastKnownFileType = sourcecode.swift; path = SplashScreenViewController.swift; sourceTree = "<group>"; };
		0AF648AC1EBCA1E000E5855D /* AppStarter.swift */ = {isa = PBXFileReference; fileEncoding = 4; lastKnownFileType = sourcecode.swift; path = AppStarter.swift; sourceTree = "<group>"; };
		0AF869771EB214E9002DD85A /* NightTableViewController.swift */ = {isa = PBXFileReference; fileEncoding = 4; lastKnownFileType = sourcecode.swift; path = NightTableViewController.swift; sourceTree = "<group>"; };
		0AF869791EB21AFC002DD85A /* TestTableViewController.swift */ = {isa = PBXFileReference; fileEncoding = 4; lastKnownFileType = sourcecode.swift; path = TestTableViewController.swift; sourceTree = "<group>"; };
		270F915E1EAE2BDC00A4CF0D /* DayTableViewController.swift */ = {isa = PBXFileReference; fileEncoding = 4; lastKnownFileType = sourcecode.swift; path = DayTableViewController.swift; sourceTree = "<group>"; };
		7D047B6A4009FC640B7F891D /* Pods-ilmaRakendus.debug.xcconfig */ = {isa = PBXFileReference; includeInIndex = 1; lastKnownFileType = text.xcconfig; name = "Pods-ilmaRakendus.debug.xcconfig"; path = "Pods/Target Support Files/Pods-ilmaRakendus/Pods-ilmaRakendus.debug.xcconfig"; sourceTree = "<group>"; };
		A3857794B0542D9708571E58 /* Pods_ilmaRakendus.framework */ = {isa = PBXFileReference; explicitFileType = wrapper.framework; includeInIndex = 0; path = Pods_ilmaRakendus.framework; sourceTree = BUILT_PRODUCTS_DIR; };
		F86F7B609A2116DE0FCE6CD1 /* Pods-ilmaRakendus.release.xcconfig */ = {isa = PBXFileReference; includeInIndex = 1; lastKnownFileType = text.xcconfig; name = "Pods-ilmaRakendus.release.xcconfig"; path = "Pods/Target Support Files/Pods-ilmaRakendus/Pods-ilmaRakendus.release.xcconfig"; sourceTree = "<group>"; };
/* End PBXFileReference section */

/* Begin PBXFrameworksBuildPhase section */
		08B02DCE1EACC137002E1780 /* Frameworks */ = {
			isa = PBXFrameworksBuildPhase;
			buildActionMask = 2147483647;
			files = (
				4CA442F9566B7228C5A6A4FC /* Pods_ilmaRakendus.framework in Frameworks */,
			);
			runOnlyForDeploymentPostprocessing = 0;
		};
/* End PBXFrameworksBuildPhase section */

/* Begin PBXGroup section */
		08B02DC81EACC137002E1780 = {
			isa = PBXGroup;
			children = (
				08B02DD31EACC137002E1780 /* ilmaRakendus */,
				08B02DD21EACC137002E1780 /* Products */,
				0DCAEBC89FCAE7E6B5AD62EF /* Pods */,
				1F744B3E943EA1EAEDA3C0DD /* Frameworks */,
			);
			sourceTree = "<group>";
		};
		08B02DD21EACC137002E1780 /* Products */ = {
			isa = PBXGroup;
			children = (
				08B02DD11EACC137002E1780 /* ilmaRakendus.app */,
			);
			name = Products;
			sourceTree = "<group>";
		};
		08B02DD31EACC137002E1780 /* ilmaRakendus */ = {
			isa = PBXGroup;
			children = (
				08B02DD41EACC137002E1780 /* AppDelegate.swift */,
				0AF648AC1EBCA1E000E5855D /* AppStarter.swift */,
				0AF2A8941EB8B1B80062F887 /* Networking */,
				0AF2A8951EB8B1E00062F887 /* Controllers */,
				0AF2A8931EB8B1A50062F887 /* Models */,
				08B02DD81EACC137002E1780 /* Main.storyboard */,
				08B02DDB1EACC137002E1780 /* Assets.xcassets */,
				08B02DDD1EACC137002E1780 /* LaunchScreen.storyboard */,
				08B02DE01EACC137002E1780 /* Info.plist */,
			);
			path = ilmaRakendus;
			sourceTree = "<group>";
		};
		0AF2A8931EB8B1A50062F887 /* Models */ = {
			isa = PBXGroup;
			children = (
				0AF1BA2F1EB7595F00183DB9 /* WeatherData.swift */,
				0AF2A8961EB8B66A0062F887 /* Globals.swift */,
				0AF648A81EBC996F00E5855D /* WeatherManager.swift */,
			);
			name = Models;
			sourceTree = "<group>";
		};
		0AF2A8941EB8B1B80062F887 /* Networking */ = {
			isa = PBXGroup;
			children = (
				08915DBB1EACC3F30062E345 /* WeatherParser.swift */,
			);
			name = Networking;
			sourceTree = "<group>";
		};
		0AF2A8951EB8B1E00062F887 /* Controllers */ = {
			isa = PBXGroup;
			children = (
				08B02DD61EACC137002E1780 /* TabBarController.swift */,
				0AF648AA1EBC99E800E5855D /* SplashScreenViewController.swift */,
				270F915E1EAE2BDC00A4CF0D /* DayTableViewController.swift */,
				0AF869771EB214E9002DD85A /* NightTableViewController.swift */,
				0AF869791EB21AFC002DD85A /* TestTableViewController.swift */,
			);
			name = Controllers;
			sourceTree = "<group>";
		};
		0DCAEBC89FCAE7E6B5AD62EF /* Pods */ = {
			isa = PBXGroup;
			children = (
				7D047B6A4009FC640B7F891D /* Pods-ilmaRakendus.debug.xcconfig */,
				F86F7B609A2116DE0FCE6CD1 /* Pods-ilmaRakendus.release.xcconfig */,
			);
			name = Pods;
			sourceTree = "<group>";
		};
		1F744B3E943EA1EAEDA3C0DD /* Frameworks */ = {
			isa = PBXGroup;
			children = (
				A3857794B0542D9708571E58 /* Pods_ilmaRakendus.framework */,
			);
			name = Frameworks;
			sourceTree = "<group>";
		};
/* End PBXGroup section */

/* Begin PBXNativeTarget section */
		08B02DD01EACC137002E1780 /* ilmaRakendus */ = {
			isa = PBXNativeTarget;
			buildConfigurationList = 08B02DE31EACC137002E1780 /* Build configuration list for PBXNativeTarget "ilmaRakendus" */;
			buildPhases = (
				7D5F9487AA551252FB838E90 /* [CP] Check Pods Manifest.lock */,
				08B02DCD1EACC137002E1780 /* Sources */,
				08B02DCE1EACC137002E1780 /* Frameworks */,
				08B02DCF1EACC137002E1780 /* Resources */,
				551805AB33073DA87E74050B /* [CP] Embed Pods Frameworks */,
				0881AF2ACBF533C2C9BF8B68 /* [CP] Copy Pods Resources */,
			);
			buildRules = (
			);
			dependencies = (
			);
			name = ilmaRakendus;
			productName = ilmaRakendus;
			productReference = 08B02DD11EACC137002E1780 /* ilmaRakendus.app */;
			productType = "com.apple.product-type.application";
		};
/* End PBXNativeTarget section */

/* Begin PBXProject section */
		08B02DC91EACC137002E1780 /* Project object */ = {
			isa = PBXProject;
			attributes = {
				LastSwiftUpdateCheck = 0820;
				LastUpgradeCheck = 0820;
				ORGANIZATIONNAME = Aigar;
				TargetAttributes = {
					08B02DD01EACC137002E1780 = {
						CreatedOnToolsVersion = 8.2.1;
						ProvisioningStyle = Automatic;
					};
				};
			};
			buildConfigurationList = 08B02DCC1EACC137002E1780 /* Build configuration list for PBXProject "ilmaRakendus" */;
			compatibilityVersion = "Xcode 3.2";
			developmentRegion = English;
			hasScannedForEncodings = 0;
			knownRegions = (
				en,
				Base,
			);
			mainGroup = 08B02DC81EACC137002E1780;
			productRefGroup = 08B02DD21EACC137002E1780 /* Products */;
			projectDirPath = "";
			projectRoot = "";
			targets = (
				08B02DD01EACC137002E1780 /* ilmaRakendus */,
			);
		};
/* End PBXProject section */

/* Begin PBXResourcesBuildPhase section */
		08B02DCF1EACC137002E1780 /* Resources */ = {
			isa = PBXResourcesBuildPhase;
			buildActionMask = 2147483647;
			files = (
				08B02DDF1EACC137002E1780 /* LaunchScreen.storyboard in Resources */,
				08B02DDC1EACC137002E1780 /* Assets.xcassets in Resources */,
				08B02DDA1EACC137002E1780 /* Main.storyboard in Resources */,
			);
			runOnlyForDeploymentPostprocessing = 0;
		};
/* End PBXResourcesBuildPhase section */

/* Begin PBXShellScriptBuildPhase section */
		0881AF2ACBF533C2C9BF8B68 /* [CP] Copy Pods Resources */ = {
			isa = PBXShellScriptBuildPhase;
			buildActionMask = 2147483647;
			files = (
			);
			inputPaths = (
			);
			name = "[CP] Copy Pods Resources";
			outputPaths = (
			);
			runOnlyForDeploymentPostprocessing = 0;
			shellPath = /bin/sh;
			shellScript = "\"${SRCROOT}/Pods/Target Support Files/Pods-ilmaRakendus/Pods-ilmaRakendus-resources.sh\"\n";
			showEnvVarsInLog = 0;
		};
		551805AB33073DA87E74050B /* [CP] Embed Pods Frameworks */ = {
			isa = PBXShellScriptBuildPhase;
			buildActionMask = 2147483647;
			files = (
			);
			inputPaths = (
			);
			name = "[CP] Embed Pods Frameworks";
			outputPaths = (
			);
			runOnlyForDeploymentPostprocessing = 0;
			shellPath = /bin/sh;
			shellScript = "\"${SRCROOT}/Pods/Target Support Files/Pods-ilmaRakendus/Pods-ilmaRakendus-frameworks.sh\"\n";
			showEnvVarsInLog = 0;
		};
		7D5F9487AA551252FB838E90 /* [CP] Check Pods Manifest.lock */ = {
			isa = PBXShellScriptBuildPhase;
			buildActionMask = 2147483647;
			files = (
			);
			inputPaths = (
			);
			name = "[CP] Check Pods Manifest.lock";
			outputPaths = (
			);
			runOnlyForDeploymentPostprocessing = 0;
			shellPath = /bin/sh;
			shellScript = "diff \"${PODS_ROOT}/../Podfile.lock\" \"${PODS_ROOT}/Manifest.lock\" > /dev/null\nif [ $? != 0 ] ; then\n    # print error to STDERR\n    echo \"error: The sandbox is not in sync with the Podfile.lock. Run 'pod install' or update your CocoaPods installation.\" >&2\n    exit 1\nfi\n";
			showEnvVarsInLog = 0;
		};
/* End PBXShellScriptBuildPhase section */

/* Begin PBXSourcesBuildPhase section */
		08B02DCD1EACC137002E1780 /* Sources */ = {
			isa = PBXSourcesBuildPhase;
			buildActionMask = 2147483647;
			files = (
				0AF869781EB214E9002DD85A /* NightTableViewController.swift in Sources */,
				08B02DD71EACC137002E1780 /* TabBarController.swift in Sources */,
				0AF1BA301EB7595F00183DB9 /* WeatherData.swift in Sources */,
				08915DBC1EACC3F30062E345 /* WeatherParser.swift in Sources */,
				0AF2A8971EB8B66A0062F887 /* Globals.swift in Sources */,
				270F915F1EAE2BDC00A4CF0D /* DayTableViewController.swift in Sources */,
				0AF648A91EBC996F00E5855D /* WeatherManager.swift in Sources */,
				08B02DD51EACC137002E1780 /* AppDelegate.swift in Sources */,
				0AF648AB1EBC99E800E5855D /* SplashScreenViewController.swift in Sources */,
				0AF648AD1EBCA1E000E5855D /* AppStarter.swift in Sources */,
				0AF8697A1EB21AFC002DD85A /* TestTableViewController.swift in Sources */,
			);
			runOnlyForDeploymentPostprocessing = 0;
		};
/* End PBXSourcesBuildPhase section */

/* Begin PBXVariantGroup section */
		08B02DD81EACC137002E1780 /* Main.storyboard */ = {
			isa = PBXVariantGroup;
			children = (
				08B02DD91EACC137002E1780 /* Base */,
			);
			name = Main.storyboard;
			sourceTree = "<group>";
		};
		08B02DDD1EACC137002E1780 /* LaunchScreen.storyboard */ = {
			isa = PBXVariantGroup;
			children = (
				08B02DDE1EACC137002E1780 /* Base */,
			);
			name = LaunchScreen.storyboard;
			sourceTree = "<group>";
		};
/* End PBXVariantGroup section */

/* Begin XCBuildConfiguration section */
		08B02DE11EACC137002E1780 /* Debug */ = {
			isa = XCBuildConfiguration;
			buildSettings = {
				ALWAYS_SEARCH_USER_PATHS = NO;
				CLANG_ANALYZER_NONNULL = YES;
				CLANG_CXX_LANGUAGE_STANDARD = "gnu++0x";
				CLANG_CXX_LIBRARY = "libc++";
				CLANG_ENABLE_MODULES = YES;
				CLANG_ENABLE_OBJC_ARC = YES;
				CLANG_WARN_BOOL_CONVERSION = YES;
				CLANG_WARN_CONSTANT_CONVERSION = YES;
				CLANG_WARN_DIRECT_OBJC_ISA_USAGE = YES_ERROR;
				CLANG_WARN_DOCUMENTATION_COMMENTS = YES;
				CLANG_WARN_EMPTY_BODY = YES;
				CLANG_WARN_ENUM_CONVERSION = YES;
				CLANG_WARN_INFINITE_RECURSION = YES;
				CLANG_WARN_INT_CONVERSION = YES;
				CLANG_WARN_OBJC_ROOT_CLASS = YES_ERROR;
				CLANG_WARN_SUSPICIOUS_MOVE = YES;
				CLANG_WARN_UNREACHABLE_CODE = YES;
				CLANG_WARN__DUPLICATE_METHOD_MATCH = YES;
				"CODE_SIGN_IDENTITY[sdk=iphoneos*]" = "iPhone Developer";
				COPY_PHASE_STRIP = NO;
				DEBUG_INFORMATION_FORMAT = dwarf;
				ENABLE_STRICT_OBJC_MSGSEND = YES;
				ENABLE_TESTABILITY = YES;
				GCC_C_LANGUAGE_STANDARD = gnu99;
				GCC_DYNAMIC_NO_PIC = NO;
				GCC_NO_COMMON_BLOCKS = YES;
				GCC_OPTIMIZATION_LEVEL = 0;
				GCC_PREPROCESSOR_DEFINITIONS = (
					"DEBUG=1",
					"$(inherited)",
				);
				GCC_WARN_64_TO_32_BIT_CONVERSION = YES;
				GCC_WARN_ABOUT_RETURN_TYPE = YES_ERROR;
				GCC_WARN_UNDECLARED_SELECTOR = YES;
				GCC_WARN_UNINITIALIZED_AUTOS = YES_AGGRESSIVE;
				GCC_WARN_UNUSED_FUNCTION = YES;
				GCC_WARN_UNUSED_VARIABLE = YES;
				IPHONEOS_DEPLOYMENT_TARGET = 10.2;
				MTL_ENABLE_DEBUG_INFO = YES;
				ONLY_ACTIVE_ARCH = YES;
				SDKROOT = iphoneos;
				SWIFT_ACTIVE_COMPILATION_CONDITIONS = DEBUG;
				SWIFT_OPTIMIZATION_LEVEL = "-Onone";
			};
			name = Debug;
		};
		08B02DE21EACC137002E1780 /* Release */ = {
			isa = XCBuildConfiguration;
			buildSettings = {
				ALWAYS_SEARCH_USER_PATHS = NO;
				CLANG_ANALYZER_NONNULL = YES;
				CLANG_CXX_LANGUAGE_STANDARD = "gnu++0x";
				CLANG_CXX_LIBRARY = "libc++";
				CLANG_ENABLE_MODULES = YES;
				CLANG_ENABLE_OBJC_ARC = YES;
				CLANG_WARN_BOOL_CONVERSION = YES;
				CLANG_WARN_CONSTANT_CONVERSION = YES;
				CLANG_WARN_DIRECT_OBJC_ISA_USAGE = YES_ERROR;
				CLANG_WARN_DOCUMENTATION_COMMENTS = YES;
				CLANG_WARN_EMPTY_BODY = YES;
				CLANG_WARN_ENUM_CONVERSION = YES;
				CLANG_WARN_INFINITE_RECURSION = YES;
				CLANG_WARN_INT_CONVERSION = YES;
				CLANG_WARN_OBJC_ROOT_CLASS = YES_ERROR;
				CLANG_WARN_SUSPICIOUS_MOVE = YES;
				CLANG_WARN_UNREACHABLE_CODE = YES;
				CLANG_WARN__DUPLICATE_METHOD_MATCH = YES;
				"CODE_SIGN_IDENTITY[sdk=iphoneos*]" = "iPhone Developer";
				COPY_PHASE_STRIP = NO;
				DEBUG_INFORMATION_FORMAT = "dwarf-with-dsym";
				ENABLE_NS_ASSERTIONS = NO;
				ENABLE_STRICT_OBJC_MSGSEND = YES;
				GCC_C_LANGUAGE_STANDARD = gnu99;
				GCC_NO_COMMON_BLOCKS = YES;
				GCC_WARN_64_TO_32_BIT_CONVERSION = YES;
				GCC_WARN_ABOUT_RETURN_TYPE = YES_ERROR;
				GCC_WARN_UNDECLARED_SELECTOR = YES;
				GCC_WARN_UNINITIALIZED_AUTOS = YES_AGGRESSIVE;
				GCC_WARN_UNUSED_FUNCTION = YES;
				GCC_WARN_UNUSED_VARIABLE = YES;
				IPHONEOS_DEPLOYMENT_TARGET = 10.2;
				MTL_ENABLE_DEBUG_INFO = NO;
				SDKROOT = iphoneos;
				SWIFT_OPTIMIZATION_LEVEL = "-Owholemodule";
				VALIDATE_PRODUCT = YES;
			};
			name = Release;
		};
		08B02DE41EACC137002E1780 /* Debug */ = {
			isa = XCBuildConfiguration;
			baseConfigurationReference = 7D047B6A4009FC640B7F891D /* Pods-ilmaRakendus.debug.xcconfig */;
			buildSettings = {
				ASSETCATALOG_COMPILER_APPICON_NAME = AppIcon;
				INFOPLIST_FILE = ilmaRakendus/Info.plist;
				LD_RUNPATH_SEARCH_PATHS = "$(inherited) @executable_path/Frameworks";
				PRODUCT_BUNDLE_IDENTIFIER = com.aikuhaiku.ilmaRakendus;
				PRODUCT_NAME = "$(TARGET_NAME)";
				SWIFT_VERSION = 3.0;
			};
			name = Debug;
		};
		08B02DE51EACC137002E1780 /* Release */ = {
			isa = XCBuildConfiguration;
			baseConfigurationReference = F86F7B609A2116DE0FCE6CD1 /* Pods-ilmaRakendus.release.xcconfig */;
			buildSettings = {
				ASSETCATALOG_COMPILER_APPICON_NAME = AppIcon;
				INFOPLIST_FILE = ilmaRakendus/Info.plist;
				LD_RUNPATH_SEARCH_PATHS = "$(inherited) @executable_path/Frameworks";
				PRODUCT_BUNDLE_IDENTIFIER = com.aikuhaiku.ilmaRakendus;
				PRODUCT_NAME = "$(TARGET_NAME)";
				SWIFT_VERSION = 3.0;
			};
			name = Release;
		};
/* End XCBuildConfiguration section */

/* Begin XCConfigurationList section */
		08B02DCC1EACC137002E1780 /* Build configuration list for PBXProject "ilmaRakendus" */ = {
			isa = XCConfigurationList;
			buildConfigurations = (
				08B02DE11EACC137002E1780 /* Debug */,
				08B02DE21EACC137002E1780 /* Release */,
			);
			defaultConfigurationIsVisible = 0;
			defaultConfigurationName = Release;
		};
		08B02DE31EACC137002E1780 /* Build configuration list for PBXNativeTarget "ilmaRakendus" */ = {
			isa = XCConfigurationList;
			buildConfigurations = (
				08B02DE41EACC137002E1780 /* Debug */,
				08B02DE51EACC137002E1780 /* Release */,
			);
			defaultConfigurationIsVisible = 0;
			defaultConfigurationName = Release;
		};
/* End XCConfigurationList section */
	};
	rootObject = 08B02DC91EACC137002E1780 /* Project object */;
}
